
Microsoft Visual Studio Solution File, Format Version 12.00
# Visual Studio Version 17
VisualStudioVersion = 17.11.35303.130
MinimumVisualStudioVersion = 10.0.40219.1
Project("{FAE04EC0-301F-11D3-BF4B-00C04F79EFBC}") = "FlourFlowDesktop", "FlourFlowDesktop\FlourFlowDesktop.csproj", "{365EF8AB-32FE-41A3-A7E2-CC4EAC7FB614}"
EndProject
Global
	GlobalSection(SolutionConfigurationPlatforms) = preSolution
		Debug|Any CPU = Debug|Any CPU
		Release|Any CPU = Release|Any CPU
	EndGlobalSection
	GlobalSection(ProjectConfigurationPlatforms) = postSolution
		{365EF8AB-32FE-41A3-A7E2-CC4EAC7FB614}.Debug|Any CPU.ActiveCfg = Debug|Any CPU
		{365EF8AB-32FE-41A3-A7E2-CC4EAC7FB614}.Debug|Any CPU.Build.0 = Debug|Any CPU
		{365EF8AB-32FE-41A3-A7E2-CC4EAC7FB614}.Release|Any CPU.ActiveCfg = Release|Any CPU
		{365EF8AB-32FE-41A3-A7E2-CC4EAC7FB614}.Release|Any CPU.Build.0 = Release|Any CPU
	EndGlobalSection
	GlobalSection(SolutionProperties) = preSolution
		HideSolutionNode = FALSE
	EndGlobalSection
	GlobalSection(ExtensibilityGlobals) = postSolution
		SolutionGuid = {60EEB78E-C142-4974-A9A2-D955AE522660}
	EndGlobalSection
EndGlobal
